<?xml version="1.0" encoding="utf-8"?>
<Project ToolsVersion="4.0" xmlns="http://schemas.microsoft.com/developer/msbuild/2003">
  <ItemGroup>
    <Filter Include="Ignis">
      <UniqueIdentifier>{DF59620D-4B6E-8ABE-14F0-2D1E80C386EF}</UniqueIdentifier>
    </Filter>
    <Filter Include="Ignis\Core">
      <UniqueIdentifier>{97816961-8339-ABAE-EC40-840AD817469F}</UniqueIdentifier>
    </Filter>
    <Filter Include="Ignis\Packages">
      <UniqueIdentifier>{ED173DBE-D9E5-30C4-C279-A1EAAEE60C29}</UniqueIdentifier>
    </Filter>
    <Filter Include="Ignis\Utility">
      <UniqueIdentifier>{22877D10-8E47-F946-5782-42C4C3013E23}</UniqueIdentifier>
    </Filter>
  </ItemGroup>
  <ItemGroup>
    <ClInclude Include="src\Ignis\Camera.h">
      <Filter>Ignis</Filter>
    </ClInclude>
    <ClInclude Include="src\Ignis\Core\Buffer.h">
      <Filter>Ignis\Core</Filter>
    </ClInclude>
    <ClInclude Include="src\Ignis\Core\Shader.h">
      <Filter>Ignis\Core</Filter>
    </ClInclude>
    <ClInclude Include="src\Ignis\Core\Texture.h">
      <Filter>Ignis\Core</Filter>
    </ClInclude>
    <ClInclude Include="src\Ignis\Core\Types.h">
      <Filter>Ignis\Core</Filter>
    </ClInclude>
    <ClInclude Include="src\Ignis\Font.h">
      <Filter>Ignis</Filter>
    </ClInclude>
    <ClInclude Include="src\Ignis\Framebuffer.h">
      <Filter>Ignis</Filter>
    </ClInclude>
    <ClInclude Include="src\Ignis\Ignis.h">
      <Filter>Ignis</Filter>
    </ClInclude>
    <ClInclude Include="src\Ignis\Packages\stb_image.h">
      <Filter>Ignis\Packages</Filter>
    </ClInclude>
    <ClInclude Include="src\Ignis\Packages\stb_image_write.h">
      <Filter>Ignis\Packages</Filter>
    </ClInclude>
    <ClInclude Include="src\Ignis\Packages\stb_truetype.h">
      <Filter>Ignis\Packages</Filter>
    </ClInclude>
    <ClInclude Include="src\Ignis\Packages\tiny_obj_loader.h">
      <Filter>Ignis\Packages</Filter>
    </ClInclude>
    <ClInclude Include="src\Utility\Debugger.h">
      <Filter>Ignis\Utility</Filter>
    </ClInclude>
    <ClInclude Include="src\Utility\Timer.h">
      <Filter>Ignis\Utility</Filter>
    </ClInclude>
    <ClInclude Include="src\Utility\Utility.h">
      <Filter>Ignis\Utility</Filter>
    </ClInclude>
    <ClInclude Include="src\Utility\Logger.h" />
    <ClInclude Include="src\Ignis\Model\Mesh.h">
      <Filter>Ignis</Filter>
    </ClInclude>
    <ClInclude Include="src\Ignis\Model\Material.h">
      <Filter>Ignis</Filter>
    </ClInclude>
  </ItemGroup>
  <ItemGroup>
    <ClCompile Include="src\Ignis\Camera.cpp">
      <Filter>Ignis</Filter>
    </ClCompile>
    <ClCompile Include="src\Ignis\Core\Buffer.cpp">
      <Filter>Ignis\Core</Filter>
    </ClCompile>
    <ClCompile Include="src\Ignis\Core\Shader.cpp">
      <Filter>Ignis\Core</Filter>
    </ClCompile>
    <ClCompile Include="src\Ignis\Core\Texture.cpp">
      <Filter>Ignis\Core</Filter>
    </ClCompile>
    <ClCompile Include="src\Ignis\Font.cpp">
      <Filter>Ignis</Filter>
    </ClCompile>
    <ClCompile Include="src\Ignis\Framebuffer.cpp">
      <Filter>Ignis</Filter>
    </ClCompile>
    <ClCompile Include="src\Ignis\Ignis.cpp">
      <Filter>Ignis</Filter>
    </ClCompile>
    <ClCompile Include="src\main.cpp" />
    <ClCompile Include="src\Ignis\Model\Material.cpp">
      <Filter>Ignis</Filter>
    </ClCompile>
    <ClCompile Include="src\Ignis\Model\Mesh.cpp">
      <Filter>Ignis</Filter>
    </ClCompile>
  </ItemGroup>
</Project>