<?xml version="1.0" encoding="utf-8"?>
<Project ToolsVersion="4.0" xmlns="http://schemas.microsoft.com/developer/msbuild/2003">
  <ItemGroup>
    <Filter Include="Ignis">
      <UniqueIdentifier>{DF59620D-4B6E-8ABE-14F0-2D1E80C386EF}</UniqueIdentifier>
    </Filter>
  </ItemGroup>
  <ItemGroup>
    <ClInclude Include="src\Ignis\Buffer.h">
      <Filter>Ignis</Filter>
    </ClInclude>
    <ClInclude Include="src\Ignis\Shader.h">
      <Filter>Ignis</Filter>
    </ClInclude>
    <ClInclude Include="src\Ignis\Texture.h">
      <Filter>Ignis</Filter>
    </ClInclude>
    <ClInclude Include="src\Ignis\Types.h">
      <Filter>Ignis</Filter>
    </ClInclude>
    <ClInclude Include="src\Ignis\Utility.h">
      <Filter>Ignis</Filter>
    </ClInclude>
    <ClInclude Include="src\Ignis\Ignis.h">
      <Filter>Ignis</Filter>
    </ClInclude>
  </ItemGroup>
  <ItemGroup>
    <ClCompile Include="src\Ignis\Buffer.cpp">
      <Filter>Ignis</Filter>
    </ClCompile>
    <ClCompile Include="src\Ignis\Shader.cpp">
      <Filter>Ignis</Filter>
    </ClCompile>
    <ClCompile Include="src\Ignis\Texture.cpp">
      <Filter>Ignis</Filter>
    </ClCompile>
    <ClCompile Include="src\main.cpp" />
    <ClCompile Include="src\Ignis\Ignis.cpp">
      <Filter>Ignis</Filter>
    </ClCompile>
  </ItemGroup>
</Project>