<?xml version="1.0" encoding="utf-8"?>
<Project ToolsVersion="4.0" xmlns="http://schemas.microsoft.com/developer/msbuild/2003">
  <ItemGroup>
    <Filter Include="Ignis">
      <UniqueIdentifier>{DF59620D-4B6E-8ABE-14F0-2D1E80C386EF}</UniqueIdentifier>
    </Filter>
    <Filter Include="Ignis\Core">
      <UniqueIdentifier>{97816961-8339-ABAE-EC40-840AD817469F}</UniqueIdentifier>
    </Filter>
  </ItemGroup>
  <ItemGroup>
    <ClInclude Include="src\Ignis\Camera.h">
      <Filter>Ignis</Filter>
    </ClInclude>
    <ClInclude Include="src\Ignis\Core\Buffer.h">
      <Filter>Ignis\Core</Filter>
    </ClInclude>
    <ClInclude Include="src\Ignis\Core\Debugger.h">
      <Filter>Ignis\Core</Filter>
    </ClInclude>
    <ClInclude Include="src\Ignis\Core\Shader.h">
      <Filter>Ignis\Core</Filter>
    </ClInclude>
    <ClInclude Include="src\Ignis\Core\Texture.h">
      <Filter>Ignis\Core</Filter>
    </ClInclude>
    <ClInclude Include="src\Ignis\Core\Types.h">
      <Filter>Ignis\Core</Filter>
    </ClInclude>
    <ClInclude Include="src\Ignis\Core\Utility.h">
      <Filter>Ignis\Core</Filter>
    </ClInclude>
    <ClInclude Include="src\Ignis\Framebuffer.h">
      <Filter>Ignis</Filter>
    </ClInclude>
    <ClInclude Include="src\Ignis\Ignis.h">
      <Filter>Ignis</Filter>
    </ClInclude>
    <ClInclude Include="src\Ignis\Mesh.h">
      <Filter>Ignis</Filter>
    </ClInclude>
    <ClInclude Include="src\Ignis\Timer.h" />
    <ClInclude Include="src\Ignis\Font.h" />
    <ClInclude Include="src\Ignis\Material.h" />
  </ItemGroup>
  <ItemGroup>
    <ClCompile Include="src\Ignis\Camera.cpp">
      <Filter>Ignis</Filter>
    </ClCompile>
    <ClCompile Include="src\Ignis\Core\Buffer.cpp">
      <Filter>Ignis\Core</Filter>
    </ClCompile>
    <ClCompile Include="src\Ignis\Core\Shader.cpp">
      <Filter>Ignis\Core</Filter>
    </ClCompile>
    <ClCompile Include="src\Ignis\Core\Texture.cpp">
      <Filter>Ignis\Core</Filter>
    </ClCompile>
    <ClCompile Include="src\Ignis\Framebuffer.cpp">
      <Filter>Ignis</Filter>
    </ClCompile>
    <ClCompile Include="src\Ignis\Ignis.cpp">
      <Filter>Ignis</Filter>
    </ClCompile>
    <ClCompile Include="src\Ignis\Mesh.cpp">
      <Filter>Ignis</Filter>
    </ClCompile>
    <ClCompile Include="src\main.cpp" />
    <ClCompile Include="src\Ignis\Font.cpp" />
    <ClCompile Include="src\Ignis\Material.cpp" />
  </ItemGroup>
</Project>